
Microsoft Visual Studio Solution File, Format Version 12.00
# Visual Studio Version 17
VisualStudioVersion = 17.2.32616.157
MinimumVisualStudioVersion = 10.0.40219.1
Project("{9A19103F-16F7-4668-BE54-9A1E7A4F7556}") = "MyPro", "MyPro\MyPro.csproj", "{E2F80693-90A5-407F-BBEC-92459142B778}"
EndProject
Project("{9A19103F-16F7-4668-BE54-9A1E7A4F7556}") = "ChatServer", "ChatServer\ChatServer.csproj", "{5A66DA23-E0AE-4B2D-90E7-5A7BF1FC1B8A}"
EndProject
Global
	GlobalSection(SolutionConfigurationPlatforms) = preSolution
		Debug|Any CPU = Debug|Any CPU
		Release|Any CPU = Release|Any CPU
	EndGlobalSection
	GlobalSection(ProjectConfigurationPlatforms) = postSolution
		{E2F80693-90A5-407F-BBEC-92459142B778}.Debug|Any CPU.ActiveCfg = Release|Any CPU
		{E2F80693-90A5-407F-BBEC-92459142B778}.Debug|Any CPU.Build.0 = Release|Any CPU
		{E2F80693-90A5-407F-BBEC-92459142B778}.Release|Any CPU.ActiveCfg = Release|Any CPU
		{E2F80693-90A5-407F-BBEC-92459142B778}.Release|Any CPU.Build.0 = Release|Any CPU
		{5A66DA23-E0AE-4B2D-90E7-5A7BF1FC1B8A}.Debug|Any CPU.ActiveCfg = Debug|Any CPU
		{5A66DA23-E0AE-4B2D-90E7-5A7BF1FC1B8A}.Debug|Any CPU.Build.0 = Debug|Any CPU
		{5A66DA23-E0AE-4B2D-90E7-5A7BF1FC1B8A}.Release|Any CPU.ActiveCfg = Release|Any CPU
		{5A66DA23-E0AE-4B2D-90E7-5A7BF1FC1B8A}.Release|Any CPU.Build.0 = Release|Any CPU
	EndGlobalSection
	GlobalSection(SolutionProperties) = preSolution
		HideSolutionNode = FALSE
	EndGlobalSection
	GlobalSection(ExtensibilityGlobals) = postSolution
		SolutionGuid = {D54EC082-2A83-49AF-9683-1AF038D0FDD5}
	EndGlobalSection
EndGlobal
